// !$*UTF8*$!
{
	archiveVersion = 1;
	classes = {
	};
	objectVersion = 51;
	objects = {

/* Begin PBXBuildFile section */
		C4F5E7B2B338D34C0641EE29 /* Pods_Weather.framework in Frameworks */ = {isa = PBXBuildFile; fileRef = 2AB71384A20B3D42E6F830FF /* Pods_Weather.framework */; };
		F7602E87240D34B50045E4AC /* AppDelegate.swift in Sources */ = {isa = PBXBuildFile; fileRef = F7602E86240D34B50045E4AC /* AppDelegate.swift */; };
		F7602E89240D34B50045E4AC /* SceneDelegate.swift in Sources */ = {isa = PBXBuildFile; fileRef = F7602E88240D34B50045E4AC /* SceneDelegate.swift */; };
		F7602E8E240D34B50045E4AC /* Main.storyboard in Resources */ = {isa = PBXBuildFile; fileRef = F7602E8C240D34B50045E4AC /* Main.storyboard */; };
		F7602E91240D34B50045E4AC /* Weather.xcdatamodeld in Sources */ = {isa = PBXBuildFile; fileRef = F7602E8F240D34B50045E4AC /* Weather.xcdatamodeld */; };
		F7602E93240D34B60045E4AC /* Assets.xcassets in Resources */ = {isa = PBXBuildFile; fileRef = F7602E92240D34B60045E4AC /* Assets.xcassets */; };
		F7602E96240D34B60045E4AC /* LaunchScreen.storyboard in Resources */ = {isa = PBXBuildFile; fileRef = F7602E94240D34B60045E4AC /* LaunchScreen.storyboard */; };
		F7602E9E240D360F0045E4AC /* AlamofireWeatherLoader.swift in Sources */ = {isa = PBXBuildFile; fileRef = F7602E9D240D360F0045E4AC /* AlamofireWeatherLoader.swift */; };
		F7602EA0240D363F0045E4AC /* AlamofirePers.swift in Sources */ = {isa = PBXBuildFile; fileRef = F7602E9F240D363F0045E4AC /* AlamofirePers.swift */; };
		F7F3BEE1240D404C00D70EB2 /* AlamofireTVC.swift in Sources */ = {isa = PBXBuildFile; fileRef = F7F3BEE0240D404C00D70EB2 /* AlamofireTVC.swift */; };
		F7F3BEE3240D42EB00D70EB2 /* AlamofireVC.swift in Sources */ = {isa = PBXBuildFile; fileRef = F7F3BEE2240D42EB00D70EB2 /* AlamofireVC.swift */; };
/* End PBXBuildFile section */

/* Begin PBXFileReference section */
		2AB71384A20B3D42E6F830FF /* Pods_Weather.framework */ = {isa = PBXFileReference; explicitFileType = wrapper.framework; includeInIndex = 0; path = Pods_Weather.framework; sourceTree = BUILT_PRODUCTS_DIR; };
		ED401557F712F42C828BC62E /* Pods-Weather.release.xcconfig */ = {isa = PBXFileReference; includeInIndex = 1; lastKnownFileType = text.xcconfig; name = "Pods-Weather.release.xcconfig"; path = "Target Support Files/Pods-Weather/Pods-Weather.release.xcconfig"; sourceTree = "<group>"; };
		F4F25C4C439D4E3CB984A415 /* Pods-Weather.debug.xcconfig */ = {isa = PBXFileReference; includeInIndex = 1; lastKnownFileType = text.xcconfig; name = "Pods-Weather.debug.xcconfig"; path = "Target Support Files/Pods-Weather/Pods-Weather.debug.xcconfig"; sourceTree = "<group>"; };
		F7602E83240D34B50045E4AC /* Weather.app */ = {isa = PBXFileReference; explicitFileType = wrapper.application; includeInIndex = 0; path = Weather.app; sourceTree = BUILT_PRODUCTS_DIR; };
		F7602E86240D34B50045E4AC /* AppDelegate.swift */ = {isa = PBXFileReference; lastKnownFileType = sourcecode.swift; path = AppDelegate.swift; sourceTree = "<group>"; };
		F7602E88240D34B50045E4AC /* SceneDelegate.swift */ = {isa = PBXFileReference; lastKnownFileType = sourcecode.swift; path = SceneDelegate.swift; sourceTree = "<group>"; };
		F7602E8D240D34B50045E4AC /* Base */ = {isa = PBXFileReference; lastKnownFileType = file.storyboard; name = Base; path = Base.lproj/Main.storyboard; sourceTree = "<group>"; };
		F7602E90240D34B50045E4AC /* Weather.xcdatamodel */ = {isa = PBXFileReference; lastKnownFileType = wrapper.xcdatamodel; path = Weather.xcdatamodel; sourceTree = "<group>"; };
		F7602E92240D34B60045E4AC /* Assets.xcassets */ = {isa = PBXFileReference; lastKnownFileType = folder.assetcatalog; path = Assets.xcassets; sourceTree = "<group>"; };
		F7602E95240D34B60045E4AC /* Base */ = {isa = PBXFileReference; lastKnownFileType = file.storyboard; name = Base; path = Base.lproj/LaunchScreen.storyboard; sourceTree = "<group>"; };
		F7602E97240D34B60045E4AC /* Info.plist */ = {isa = PBXFileReference; lastKnownFileType = text.plist.xml; path = Info.plist; sourceTree = "<group>"; };
		F7602E9D240D360F0045E4AC /* AlamofireWeatherLoader.swift */ = {isa = PBXFileReference; lastKnownFileType = sourcecode.swift; path = AlamofireWeatherLoader.swift; sourceTree = "<group>"; };
		F7602E9F240D363F0045E4AC /* AlamofirePers.swift */ = {isa = PBXFileReference; lastKnownFileType = sourcecode.swift; path = AlamofirePers.swift; sourceTree = "<group>"; };
		F7F3BEE0240D404C00D70EB2 /* AlamofireTVC.swift */ = {isa = PBXFileReference; lastKnownFileType = sourcecode.swift; path = AlamofireTVC.swift; sourceTree = "<group>"; };
		F7F3BEE2240D42EB00D70EB2 /* AlamofireVC.swift */ = {isa = PBXFileReference; lastKnownFileType = sourcecode.swift; path = AlamofireVC.swift; sourceTree = "<group>"; };
/* End PBXFileReference section */

/* Begin PBXFrameworksBuildPhase section */
		F7602E80240D34B50045E4AC /* Frameworks */ = {
			isa = PBXFrameworksBuildPhase;
			buildActionMask = 2147483647;
			files = (
				C4F5E7B2B338D34C0641EE29 /* Pods_Weather.framework in Frameworks */,
			);
			runOnlyForDeploymentPostprocessing = 0;
		};
/* End PBXFrameworksBuildPhase section */

/* Begin PBXGroup section */
		A6045A30A8570E621A99F045 /* Frameworks */ = {
			isa = PBXGroup;
			children = (
				2AB71384A20B3D42E6F830FF /* Pods_Weather.framework */,
			);
			name = Frameworks;
			sourceTree = "<group>";
		};
		E04B966C5955DA8921990BFC /* Pods */ = {
			isa = PBXGroup;
			children = (
				F4F25C4C439D4E3CB984A415 /* Pods-Weather.debug.xcconfig */,
				ED401557F712F42C828BC62E /* Pods-Weather.release.xcconfig */,
			);
			path = Pods;
			sourceTree = "<group>";
		};
		F7602E7A240D34B40045E4AC = {
			isa = PBXGroup;
			children = (
				F7602E85240D34B50045E4AC /* Weather */,
				F7602E84240D34B50045E4AC /* Products */,
				E04B966C5955DA8921990BFC /* Pods */,
				A6045A30A8570E621A99F045 /* Frameworks */,
			);
			sourceTree = "<group>";
		};
		F7602E84240D34B50045E4AC /* Products */ = {
			isa = PBXGroup;
			children = (
				F7602E83240D34B50045E4AC /* Weather.app */,
			);
			name = Products;
			sourceTree = "<group>";
		};
		F7602E85240D34B50045E4AC /* Weather */ = {
			isa = PBXGroup;
			children = (
				F7602E86240D34B50045E4AC /* AppDelegate.swift */,
				F7602E88240D34B50045E4AC /* SceneDelegate.swift */,
				F7602E9D240D360F0045E4AC /* AlamofireWeatherLoader.swift */,
				F7602E9F240D363F0045E4AC /* AlamofirePers.swift */,
				F7602E8C240D34B50045E4AC /* Main.storyboard */,
				F7F3BEE2240D42EB00D70EB2 /* AlamofireVC.swift */,
				F7F3BEE0240D404C00D70EB2 /* AlamofireTVC.swift */,
				F7602E92240D34B60045E4AC /* Assets.xcassets */,
				F7602E94240D34B60045E4AC /* LaunchScreen.storyboard */,
				F7602E97240D34B60045E4AC /* Info.plist */,
				F7602E8F240D34B50045E4AC /* Weather.xcdatamodeld */,
			);
			path = Weather;
			sourceTree = "<group>";
		};
/* End PBXGroup section */

/* Begin PBXNativeTarget section */
		F7602E82240D34B50045E4AC /* Weather */ = {
			isa = PBXNativeTarget;
			buildConfigurationList = F7602E9A240D34B60045E4AC /* Build configuration list for PBXNativeTarget "Weather" */;
			buildPhases = (
				1DECCD8FED427CBDACFC9C3B /* [CP] Check Pods Manifest.lock */,
				F7602E7F240D34B50045E4AC /* Sources */,
				F7602E80240D34B50045E4AC /* Frameworks */,
				F7602E81240D34B50045E4AC /* Resources */,
				0226681EBA9608A25C6941A5 /* [CP] Embed Pods Frameworks */,
			);
			buildRules = (
			);
			dependencies = (
			);
			name = Weather;
			productName = Weather;
			productReference = F7602E83240D34B50045E4AC /* Weather.app */;
			productType = "com.apple.product-type.application";
		};
/* End PBXNativeTarget section */

/* Begin PBXProject section */
		F7602E7B240D34B40045E4AC /* Project object */ = {
			isa = PBXProject;
			attributes = {
				LastSwiftUpdateCheck = 1130;
				LastUpgradeCheck = 1130;
				ORGANIZATIONNAME = "Ivan Krylov";
				TargetAttributes = {
					F7602E82240D34B50045E4AC = {
						CreatedOnToolsVersion = 11.3.1;
					};
				};
			};
			buildConfigurationList = F7602E7E240D34B40045E4AC /* Build configuration list for PBXProject "Weather" */;
			compatibilityVersion = "Xcode 9.3";
			developmentRegion = en;
			hasScannedForEncodings = 0;
			knownRegions = (
				en,
				Base,
			);
			mainGroup = F7602E7A240D34B40045E4AC;
			productRefGroup = F7602E84240D34B50045E4AC /* Products */;
			projectDirPath = "";
			projectRoot = "";
			targets = (
				F7602E82240D34B50045E4AC /* Weather */,
			);
		};
/* End PBXProject section */

/* Begin PBXResourcesBuildPhase section */
		F7602E81240D34B50045E4AC /* Resources */ = {
			isa = PBXResourcesBuildPhase;
			buildActionMask = 2147483647;
			files = (
				F7602E96240D34B60045E4AC /* LaunchScreen.storyboard in Resources */,
				F7602E93240D34B60045E4AC /* Assets.xcassets in Resources */,
				F7602E8E240D34B50045E4AC /* Main.storyboard in Resources */,
			);
			runOnlyForDeploymentPostprocessing = 0;
		};
/* End PBXResourcesBuildPhase section */

/* Begin PBXShellScriptBuildPhase section */
		0226681EBA9608A25C6941A5 /* [CP] Embed Pods Frameworks */ = {
			isa = PBXShellScriptBuildPhase;
			buildActionMask = 2147483647;
			files = (
			);
			inputFileListPaths = (
				"${PODS_ROOT}/Target Support Files/Pods-Weather/Pods-Weather-frameworks-${CONFIGURATION}-input-files.xcfilelist",
			);
			name = "[CP] Embed Pods Frameworks";
			outputFileListPaths = (
				"${PODS_ROOT}/Target Support Files/Pods-Weather/Pods-Weather-frameworks-${CONFIGURATION}-output-files.xcfilelist",
			);
			runOnlyForDeploymentPostprocessing = 0;
			shellPath = /bin/sh;
			shellScript = "\"${PODS_ROOT}/Target Support Files/Pods-Weather/Pods-Weather-frameworks.sh\"\n";
			showEnvVarsInLog = 0;
		};
		1DECCD8FED427CBDACFC9C3B /* [CP] Check Pods Manifest.lock */ = {
			isa = PBXShellScriptBuildPhase;
			buildActionMask = 2147483647;
			files = (
			);
			inputFileListPaths = (
			);
			inputPaths = (
				"${PODS_PODFILE_DIR_PATH}/Podfile.lock",
				"${PODS_ROOT}/Manifest.lock",
			);
			name = "[CP] Check Pods Manifest.lock";
			outputFileListPaths = (
			);
			outputPaths = (
				"$(DERIVED_FILE_DIR)/Pods-Weather-checkManifestLockResult.txt",
			);
			runOnlyForDeploymentPostprocessing = 0;
			shellPath = /bin/sh;
			shellScript = "diff \"${PODS_PODFILE_DIR_PATH}/Podfile.lock\" \"${PODS_ROOT}/Manifest.lock\" > /dev/null\nif [ $? != 0 ] ; then\n    # print error to STDERR\n    echo \"error: The sandbox is not in sync with the Podfile.lock. Run 'pod install' or update your CocoaPods installation.\" >&2\n    exit 1\nfi\n# This output is used by Xcode 'outputs' to avoid re-running this script phase.\necho \"SUCCESS\" > \"${SCRIPT_OUTPUT_FILE_0}\"\n";
			showEnvVarsInLog = 0;
		};
/* End PBXShellScriptBuildPhase section */

/* Begin PBXSourcesBuildPhase section */
		F7602E7F240D34B50045E4AC /* Sources */ = {
			isa = PBXSourcesBuildPhase;
			buildActionMask = 2147483647;
			files = (
				F7602EA0240D363F0045E4AC /* AlamofirePers.swift in Sources */,
				F7602E91240D34B50045E4AC /* Weather.xcdatamodeld in Sources */,
				F7602E9E240D360F0045E4AC /* AlamofireWeatherLoader.swift in Sources */,
				F7F3BEE1240D404C00D70EB2 /* AlamofireTVC.swift in Sources */,
				F7F3BEE3240D42EB00D70EB2 /* AlamofireVC.swift in Sources */,
				F7602E87240D34B50045E4AC /* AppDelegate.swift in Sources */,
				F7602E89240D34B50045E4AC /* SceneDelegate.swift in Sources */,
			);
			runOnlyForDeploymentPostprocessing = 0;
		};
/* End PBXSourcesBuildPhase section */

/* Begin PBXVariantGroup section */
		F7602E8C240D34B50045E4AC /* Main.storyboard */ = {
			isa = PBXVariantGroup;
			children = (
				F7602E8D240D34B50045E4AC /* Base */,
			);
			name = Main.storyboard;
			sourceTree = "<group>";
		};
		F7602E94240D34B60045E4AC /* LaunchScreen.storyboard */ = {
			isa = PBXVariantGroup;
			children = (
				F7602E95240D34B60045E4AC /* Base */,
			);
			name = LaunchScreen.storyboard;
			sourceTree = "<group>";
		};
/* End PBXVariantGroup section */

/* Begin XCBuildConfiguration section */
		F7602E98240D34B60045E4AC /* Debug */ = {
			isa = XCBuildConfiguration;
			buildSettings = {
				ALWAYS_SEARCH_USER_PATHS = NO;
				CLANG_ANALYZER_NONNULL = YES;
				CLANG_ANALYZER_NUMBER_OBJECT_CONVERSION = YES_AGGRESSIVE;
				CLANG_CXX_LANGUAGE_STANDARD = "gnu++14";
				CLANG_CXX_LIBRARY = "libc++";
				CLANG_ENABLE_MODULES = YES;
				CLANG_ENABLE_OBJC_ARC = YES;
				CLANG_ENABLE_OBJC_WEAK = YES;
				CLANG_WARN_BLOCK_CAPTURE_AUTORELEASING = YES;
				CLANG_WARN_BOOL_CONVERSION = YES;
				CLANG_WARN_COMMA = YES;
				CLANG_WARN_CONSTANT_CONVERSION = YES;
				CLANG_WARN_DEPRECATED_OBJC_IMPLEMENTATIONS = YES;
				CLANG_WARN_DIRECT_OBJC_ISA_USAGE = YES_ERROR;
				CLANG_WARN_DOCUMENTATION_COMMENTS = YES;
				CLANG_WARN_EMPTY_BODY = YES;
				CLANG_WARN_ENUM_CONVERSION = YES;
				CLANG_WARN_INFINITE_RECURSION = YES;
				CLANG_WARN_INT_CONVERSION = YES;
				CLANG_WARN_NON_LITERAL_NULL_CONVERSION = YES;
				CLANG_WARN_OBJC_IMPLICIT_RETAIN_SELF = YES;
				CLANG_WARN_OBJC_LITERAL_CONVERSION = YES;
				CLANG_WARN_OBJC_ROOT_CLASS = YES_ERROR;
				CLANG_WARN_RANGE_LOOP_ANALYSIS = YES;
				CLANG_WARN_STRICT_PROTOTYPES = YES;
				CLANG_WARN_SUSPICIOUS_MOVE = YES;
				CLANG_WARN_UNGUARDED_AVAILABILITY = YES_AGGRESSIVE;
				CLANG_WARN_UNREACHABLE_CODE = YES;
				CLANG_WARN__DUPLICATE_METHOD_MATCH = YES;
				COPY_PHASE_STRIP = NO;
				DEBUG_INFORMATION_FORMAT = dwarf;
				ENABLE_STRICT_OBJC_MSGSEND = YES;
				ENABLE_TESTABILITY = YES;
				GCC_C_LANGUAGE_STANDARD = gnu11;
				GCC_DYNAMIC_NO_PIC = NO;
				GCC_NO_COMMON_BLOCKS = YES;
				GCC_OPTIMIZATION_LEVEL = 0;
				GCC_PREPROCESSOR_DEFINITIONS = (
					"DEBUG=1",
					"$(inherited)",
				);
				GCC_WARN_64_TO_32_BIT_CONVERSION = YES;
				GCC_WARN_ABOUT_RETURN_TYPE = YES_ERROR;
				GCC_WARN_UNDECLARED_SELECTOR = YES;
				GCC_WARN_UNINITIALIZED_AUTOS = YES_AGGRESSIVE;
				GCC_WARN_UNUSED_FUNCTION = YES;
				GCC_WARN_UNUSED_VARIABLE = YES;
				IPHONEOS_DEPLOYMENT_TARGET = 13.2;
				MTL_ENABLE_DEBUG_INFO = INCLUDE_SOURCE;
				MTL_FAST_MATH = YES;
				ONLY_ACTIVE_ARCH = YES;
				SDKROOT = iphoneos;
				SWIFT_ACTIVE_COMPILATION_CONDITIONS = DEBUG;
				SWIFT_OPTIMIZATION_LEVEL = "-Onone";
			};
			name = Debug;
		};
		F7602E99240D34B60045E4AC /* Release */ = {
			isa = XCBuildConfiguration;
			buildSettings = {
				ALWAYS_SEARCH_USER_PATHS = NO;
				CLANG_ANALYZER_NONNULL = YES;
				CLANG_ANALYZER_NUMBER_OBJECT_CONVERSION = YES_AGGRESSIVE;
				CLANG_CXX_LANGUAGE_STANDARD = "gnu++14";
				CLANG_CXX_LIBRARY = "libc++";
				CLANG_ENABLE_MODULES = YES;
				CLANG_ENABLE_OBJC_ARC = YES;
				CLANG_ENABLE_OBJC_WEAK = YES;
				CLANG_WARN_BLOCK_CAPTURE_AUTORELEASING = YES;
				CLANG_WARN_BOOL_CONVERSION = YES;
				CLANG_WARN_COMMA = YES;
				CLANG_WARN_CONSTANT_CONVERSION = YES;
				CLANG_WARN_DEPRECATED_OBJC_IMPLEMENTATIONS = YES;
				CLANG_WARN_DIRECT_OBJC_ISA_USAGE = YES_ERROR;
				CLANG_WARN_DOCUMENTATION_COMMENTS = YES;
				CLANG_WARN_EMPTY_BODY = YES;
				CLANG_WARN_ENUM_CONVERSION = YES;
				CLANG_WARN_INFINITE_RECURSION = YES;
				CLANG_WARN_INT_CONVERSION = YES;
				CLANG_WARN_NON_LITERAL_NULL_CONVERSION = YES;
				CLANG_WARN_OBJC_IMPLICIT_RETAIN_SELF = YES;
				CLANG_WARN_OBJC_LITERAL_CONVERSION = YES;
				CLANG_WARN_OBJC_ROOT_CLASS = YES_ERROR;
				CLANG_WARN_RANGE_LOOP_ANALYSIS = YES;
				CLANG_WARN_STRICT_PROTOTYPES = YES;
				CLANG_WARN_SUSPICIOUS_MOVE = YES;
				CLANG_WARN_UNGUARDED_AVAILABILITY = YES_AGGRESSIVE;
				CLANG_WARN_UNREACHABLE_CODE = YES;
				CLANG_WARN__DUPLICATE_METHOD_MATCH = YES;
				COPY_PHASE_STRIP = NO;
				DEBUG_INFORMATION_FORMAT = "dwarf-with-dsym";
				ENABLE_NS_ASSERTIONS = NO;
				ENABLE_STRICT_OBJC_MSGSEND = YES;
				GCC_C_LANGUAGE_STANDARD = gnu11;
				GCC_NO_COMMON_BLOCKS = YES;
				GCC_WARN_64_TO_32_BIT_CONVERSION = YES;
				GCC_WARN_ABOUT_RETURN_TYPE = YES_ERROR;
				GCC_WARN_UNDECLARED_SELECTOR = YES;
				GCC_WARN_UNINITIALIZED_AUTOS = YES_AGGRESSIVE;
				GCC_WARN_UNUSED_FUNCTION = YES;
				GCC_WARN_UNUSED_VARIABLE = YES;
				IPHONEOS_DEPLOYMENT_TARGET = 13.2;
				MTL_ENABLE_DEBUG_INFO = NO;
				MTL_FAST_MATH = YES;
				SDKROOT = iphoneos;
				SWIFT_COMPILATION_MODE = wholemodule;
				SWIFT_OPTIMIZATION_LEVEL = "-O";
				VALIDATE_PRODUCT = YES;
			};
			name = Release;
		};
		F7602E9B240D34B60045E4AC /* Debug */ = {
			isa = XCBuildConfiguration;
			baseConfigurationReference = F4F25C4C439D4E3CB984A415 /* Pods-Weather.debug.xcconfig */;
			buildSettings = {
				ASSETCATALOG_COMPILER_APPICON_NAME = AppIcon;
				CODE_SIGN_STYLE = Automatic;
				DEVELOPMENT_TEAM = HQT858PF5U;
				INFOPLIST_FILE = Weather/Info.plist;
				LD_RUNPATH_SEARCH_PATHS = (
					"$(inherited)",
					"@executable_path/Frameworks",
				);
				PRODUCT_BUNDLE_IDENTIFIER = BanyaKrylov.Weather;
				PRODUCT_NAME = "$(TARGET_NAME)";
				SWIFT_VERSION = 5.0;
				TARGETED_DEVICE_FAMILY = "1,2";
			};
			name = Debug;
		};
		F7602E9C240D34B60045E4AC /* Release */ = {
			isa = XCBuildConfiguration;
			baseConfigurationReference = ED401557F712F42C828BC62E /* Pods-Weather.release.xcconfig */;
			buildSettings = {
				ASSETCATALOG_COMPILER_APPICON_NAME = AppIcon;
				CODE_SIGN_STYLE = Automatic;
				DEVELOPMENT_TEAM = HQT858PF5U;
				INFOPLIST_FILE = Weather/Info.plist;
				LD_RUNPATH_SEARCH_PATHS = (
					"$(inherited)",
					"@executable_path/Frameworks",
				);
				PRODUCT_BUNDLE_IDENTIFIER = BanyaKrylov.Weather;
				PRODUCT_NAME = "$(TARGET_NAME)";
				SWIFT_VERSION = 5.0;
				TARGETED_DEVICE_FAMILY = "1,2";
			};
			name = Release;
		};
/* End XCBuildConfiguration section */

/* Begin XCConfigurationList section */
		F7602E7E240D34B40045E4AC /* Build configuration list for PBXProject "Weather" */ = {
			isa = XCConfigurationList;
			buildConfigurations = (
				F7602E98240D34B60045E4AC /* Debug */,
				F7602E99240D34B60045E4AC /* Release */,
			);
			defaultConfigurationIsVisible = 0;
			defaultConfigurationName = Release;
		};
		F7602E9A240D34B60045E4AC /* Build configuration list for PBXNativeTarget "Weather" */ = {
			isa = XCConfigurationList;
			buildConfigurations = (
				F7602E9B240D34B60045E4AC /* Debug */,
				F7602E9C240D34B60045E4AC /* Release */,
			);
			defaultConfigurationIsVisible = 0;
			defaultConfigurationName = Release;
		};
/* End XCConfigurationList section */

/* Begin XCVersionGroup section */
		F7602E8F240D34B50045E4AC /* Weather.xcdatamodeld */ = {
			isa = XCVersionGroup;
			children = (
				F7602E90240D34B50045E4AC /* Weather.xcdatamodel */,
			);
			currentVersion = F7602E90240D34B50045E4AC /* Weather.xcdatamodel */;
			path = Weather.xcdatamodeld;
			sourceTree = "<group>";
			versionGroupType = wrapper.xcdatamodel;
		};
/* End XCVersionGroup section */
	};
	rootObject = F7602E7B240D34B40045E4AC /* Project object */;
}
