// !$*UTF8*$!
{
	archiveVersion = 1;
	classes = {
	};
	objectVersion = 46;
	objects = {

/* Begin PBXBuildFile section */
		3726907C1F3B03FC00C371FC /* AppDelegate.swift in Sources */ = {isa = PBXBuildFile; fileRef = 3726907B1F3B03FC00C371FC /* AppDelegate.swift */; };
		3726907E1F3B03FC00C371FC /* ViewController.swift in Sources */ = {isa = PBXBuildFile; fileRef = 3726907D1F3B03FC00C371FC /* ViewController.swift */; };
		372690811F3B03FC00C371FC /* Main.storyboard in Resources */ = {isa = PBXBuildFile; fileRef = 3726907F1F3B03FC00C371FC /* Main.storyboard */; };
		372690831F3B03FC00C371FC /* Assets.xcassets in Resources */ = {isa = PBXBuildFile; fileRef = 372690821F3B03FC00C371FC /* Assets.xcassets */; };
		372690861F3B03FC00C371FC /* LaunchScreen.storyboard in Resources */ = {isa = PBXBuildFile; fileRef = 372690841F3B03FC00C371FC /* LaunchScreen.storyboard */; };
/* End PBXBuildFile section */

/* Begin PBXFileReference section */
		372690781F3B03FC00C371FC /* Switchers.app */ = {isa = PBXFileReference; explicitFileType = wrapper.application; includeInIndex = 0; path = Switchers.app; sourceTree = BUILT_PRODUCTS_DIR; };
		3726907B1F3B03FC00C371FC /* AppDelegate.swift */ = {isa = PBXFileReference; lastKnownFileType = sourcecode.swift; path = AppDelegate.swift; sourceTree = "<group>"; };
		3726907D1F3B03FC00C371FC /* ViewController.swift */ = {isa = PBXFileReference; lastKnownFileType = sourcecode.swift; path = ViewController.swift; sourceTree = "<group>"; };
		372690801F3B03FC00C371FC /* Base */ = {isa = PBXFileReference; lastKnownFileType = file.storyboard; name = Base; path = Base.lproj/Main.storyboard; sourceTree = "<group>"; };
		372690821F3B03FC00C371FC /* Assets.xcassets */ = {isa = PBXFileReference; lastKnownFileType = folder.assetcatalog; path = Assets.xcassets; sourceTree = "<group>"; };
		372690851F3B03FC00C371FC /* Base */ = {isa = PBXFileReference; lastKnownFileType = file.storyboard; name = Base; path = Base.lproj/LaunchScreen.storyboard; sourceTree = "<group>"; };
		372690871F3B03FC00C371FC /* Info.plist */ = {isa = PBXFileReference; lastKnownFileType = text.plist.xml; path = Info.plist; sourceTree = "<group>"; };
/* End PBXFileReference section */

/* Begin PBXFrameworksBuildPhase section */
		372690751F3B03FC00C371FC /* Frameworks */ = {
			isa = PBXFrameworksBuildPhase;
			buildActionMask = 2147483647;
			files = (
			);
			runOnlyForDeploymentPostprocessing = 0;
		};
/* End PBXFrameworksBuildPhase section */

/* Begin PBXGroup section */
		3726906F1F3B03FC00C371FC = {
			isa = PBXGroup;
			children = (
				3726907A1F3B03FC00C371FC /* Switchers */,
				372690791F3B03FC00C371FC /* Products */,
			);
			sourceTree = "<group>";
		};
		372690791F3B03FC00C371FC /* Products */ = {
			isa = PBXGroup;
			children = (
				372690781F3B03FC00C371FC /* Switchers.app */,
			);
			name = Products;
			sourceTree = "<group>";
		};
		3726907A1F3B03FC00C371FC /* Switchers */ = {
			isa = PBXGroup;
			children = (
				3726907B1F3B03FC00C371FC /* AppDelegate.swift */,
				3726907D1F3B03FC00C371FC /* ViewController.swift */,
				3726907F1F3B03FC00C371FC /* Main.storyboard */,
				372690821F3B03FC00C371FC /* Assets.xcassets */,
				372690841F3B03FC00C371FC /* LaunchScreen.storyboard */,
				372690871F3B03FC00C371FC /* Info.plist */,
			);
			path = Switchers;
			sourceTree = "<group>";
		};
/* End PBXGroup section */

/* Begin PBXNativeTarget section */
		372690771F3B03FC00C371FC /* Switchers */ = {
			isa = PBXNativeTarget;
			buildConfigurationList = 3726908A1F3B03FC00C371FC /* Build configuration list for PBXNativeTarget "Switchers" */;
			buildPhases = (
				372690741F3B03FC00C371FC /* Sources */,
				372690751F3B03FC00C371FC /* Frameworks */,
				372690761F3B03FC00C371FC /* Resources */,
			);
			buildRules = (
			);
			dependencies = (
			);
			name = Switchers;
			productName = Switchers;
			productReference = 372690781F3B03FC00C371FC /* Switchers.app */;
			productType = "com.apple.product-type.application";
		};
/* End PBXNativeTarget section */

/* Begin PBXProject section */
		372690701F3B03FC00C371FC /* Project object */ = {
			isa = PBXProject;
			attributes = {
				LastSwiftUpdateCheck = 0830;
				LastUpgradeCheck = 0830;
				ORGANIZATIONNAME = "Иван Крылов";
				TargetAttributes = {
					372690771F3B03FC00C371FC = {
						CreatedOnToolsVersion = 8.3.3;
						DevelopmentTeam = HQT858PF5U;
						ProvisioningStyle = Automatic;
					};
				};
			};
			buildConfigurationList = 372690731F3B03FC00C371FC /* Build configuration list for PBXProject "Switchers" */;
			compatibilityVersion = "Xcode 3.2";
			developmentRegion = English;
			hasScannedForEncodings = 0;
			knownRegions = (
				en,
				Base,
			);
			mainGroup = 3726906F1F3B03FC00C371FC;
			productRefGroup = 372690791F3B03FC00C371FC /* Products */;
			projectDirPath = "";
			projectRoot = "";
			targets = (
				372690771F3B03FC00C371FC /* Switchers */,
			);
		};
/* End PBXProject section */

/* Begin PBXResourcesBuildPhase section */
		372690761F3B03FC00C371FC /* Resources */ = {
			isa = PBXResourcesBuildPhase;
			buildActionMask = 2147483647;
			files = (
				372690861F3B03FC00C371FC /* LaunchScreen.storyboard in Resources */,
				372690831F3B03FC00C371FC /* Assets.xcassets in Resources */,
				372690811F3B03FC00C371FC /* Main.storyboard in Resources */,
			);
			runOnlyForDeploymentPostprocessing = 0;
		};
/* End PBXResourcesBuildPhase section */

/* Begin PBXSourcesBuildPhase section */
		372690741F3B03FC00C371FC /* Sources */ = {
			isa = PBXSourcesBuildPhase;
			buildActionMask = 2147483647;
			files = (
				3726907E1F3B03FC00C371FC /* ViewController.swift in Sources */,
				3726907C1F3B03FC00C371FC /* AppDelegate.swift in Sources */,
			);
			runOnlyForDeploymentPostprocessing = 0;
		};
/* End PBXSourcesBuildPhase section */

/* Begin PBXVariantGroup section */
		3726907F1F3B03FC00C371FC /* Main.storyboard */ = {
			isa = PBXVariantGroup;
			children = (
				372690801F3B03FC00C371FC /* Base */,
			);
			name = Main.storyboard;
			sourceTree = "<group>";
		};
		372690841F3B03FC00C371FC /* LaunchScreen.storyboard */ = {
			isa = PBXVariantGroup;
			children = (
				372690851F3B03FC00C371FC /* Base */,
			);
			name = LaunchScreen.storyboard;
			sourceTree = "<group>";
		};
/* End PBXVariantGroup section */

/* Begin XCBuildConfiguration section */
		372690881F3B03FC00C371FC /* Debug */ = {
			isa = XCBuildConfiguration;
			buildSettings = {
				ALWAYS_SEARCH_USER_PATHS = NO;
				CLANG_ANALYZER_NONNULL = YES;
				CLANG_ANALYZER_NUMBER_OBJECT_CONVERSION = YES_AGGRESSIVE;
				CLANG_CXX_LANGUAGE_STANDARD = "gnu++0x";
				CLANG_CXX_LIBRARY = "libc++";
				CLANG_ENABLE_MODULES = YES;
				CLANG_ENABLE_OBJC_ARC = YES;
				CLANG_WARN_BOOL_CONVERSION = YES;
				CLANG_WARN_CONSTANT_CONVERSION = YES;
				CLANG_WARN_DIRECT_OBJC_ISA_USAGE = YES_ERROR;
				CLANG_WARN_DOCUMENTATION_COMMENTS = YES;
				CLANG_WARN_EMPTY_BODY = YES;
				CLANG_WARN_ENUM_CONVERSION = YES;
				CLANG_WARN_INFINITE_RECURSION = YES;
				CLANG_WARN_INT_CONVERSION = YES;
				CLANG_WARN_OBJC_ROOT_CLASS = YES_ERROR;
				CLANG_WARN_SUSPICIOUS_MOVE = YES;
				CLANG_WARN_UNREACHABLE_CODE = YES;
				CLANG_WARN__DUPLICATE_METHOD_MATCH = YES;
				"CODE_SIGN_IDENTITY[sdk=iphoneos*]" = "iPhone Developer";
				COPY_PHASE_STRIP = NO;
				DEBUG_INFORMATION_FORMAT = dwarf;
				ENABLE_STRICT_OBJC_MSGSEND = YES;
				ENABLE_TESTABILITY = YES;
				GCC_C_LANGUAGE_STANDARD = gnu99;
				GCC_DYNAMIC_NO_PIC = NO;
				GCC_NO_COMMON_BLOCKS = YES;
				GCC_OPTIMIZATION_LEVEL = 0;
				GCC_PREPROCESSOR_DEFINITIONS = (
					"DEBUG=1",
					"$(inherited)",
				);
				GCC_WARN_64_TO_32_BIT_CONVERSION = YES;
				GCC_WARN_ABOUT_RETURN_TYPE = YES_ERROR;
				GCC_WARN_UNDECLARED_SELECTOR = YES;
				GCC_WARN_UNINITIALIZED_AUTOS = YES_AGGRESSIVE;
				GCC_WARN_UNUSED_FUNCTION = YES;
				GCC_WARN_UNUSED_VARIABLE = YES;
				IPHONEOS_DEPLOYMENT_TARGET = 10.3;
				MTL_ENABLE_DEBUG_INFO = YES;
				ONLY_ACTIVE_ARCH = YES;
				SDKROOT = iphoneos;
				SWIFT_ACTIVE_COMPILATION_CONDITIONS = DEBUG;
				SWIFT_OPTIMIZATION_LEVEL = "-Onone";
				TARGETED_DEVICE_FAMILY = "1,2";
			};
			name = Debug;
		};
		372690891F3B03FC00C371FC /* Release */ = {
			isa = XCBuildConfiguration;
			buildSettings = {
				ALWAYS_SEARCH_USER_PATHS = NO;
				CLANG_ANALYZER_NONNULL = YES;
				CLANG_ANALYZER_NUMBER_OBJECT_CONVERSION = YES_AGGRESSIVE;
				CLANG_CXX_LANGUAGE_STANDARD = "gnu++0x";
				CLANG_CXX_LIBRARY = "libc++";
				CLANG_ENABLE_MODULES = YES;
				CLANG_ENABLE_OBJC_ARC = YES;
				CLANG_WARN_BOOL_CONVERSION = YES;
				CLANG_WARN_CONSTANT_CONVERSION = YES;
				CLANG_WARN_DIRECT_OBJC_ISA_USAGE = YES_ERROR;
				CLANG_WARN_DOCUMENTATION_COMMENTS = YES;
				CLANG_WARN_EMPTY_BODY = YES;
				CLANG_WARN_ENUM_CONVERSION = YES;
				CLANG_WARN_INFINITE_RECURSION = YES;
				CLANG_WARN_INT_CONVERSION = YES;
				CLANG_WARN_OBJC_ROOT_CLASS = YES_ERROR;
				CLANG_WARN_SUSPICIOUS_MOVE = YES;
				CLANG_WARN_UNREACHABLE_CODE = YES;
				CLANG_WARN__DUPLICATE_METHOD_MATCH = YES;
				"CODE_SIGN_IDENTITY[sdk=iphoneos*]" = "iPhone Developer";
				COPY_PHASE_STRIP = NO;
				DEBUG_INFORMATION_FORMAT = "dwarf-with-dsym";
				ENABLE_NS_ASSERTIONS = NO;
				ENABLE_STRICT_OBJC_MSGSEND = YES;
				GCC_C_LANGUAGE_STANDARD = gnu99;
				GCC_NO_COMMON_BLOCKS = YES;
				GCC_WARN_64_TO_32_BIT_CONVERSION = YES;
				GCC_WARN_ABOUT_RETURN_TYPE = YES_ERROR;
				GCC_WARN_UNDECLARED_SELECTOR = YES;
				GCC_WARN_UNINITIALIZED_AUTOS = YES_AGGRESSIVE;
				GCC_WARN_UNUSED_FUNCTION = YES;
				GCC_WARN_UNUSED_VARIABLE = YES;
				IPHONEOS_DEPLOYMENT_TARGET = 10.3;
				MTL_ENABLE_DEBUG_INFO = NO;
				SDKROOT = iphoneos;
				SWIFT_OPTIMIZATION_LEVEL = "-Owholemodule";
				TARGETED_DEVICE_FAMILY = "1,2";
				VALIDATE_PRODUCT = YES;
			};
			name = Release;
		};
		3726908B1F3B03FC00C371FC /* Debug */ = {
			isa = XCBuildConfiguration;
			buildSettings = {
				ASSETCATALOG_COMPILER_APPICON_NAME = AppIcon;
				DEVELOPMENT_TEAM = HQT858PF5U;
				INFOPLIST_FILE = Switchers/Info.plist;
				LD_RUNPATH_SEARCH_PATHS = "$(inherited) @executable_path/Frameworks";
				PRODUCT_BUNDLE_IDENTIFIER = com.sandbox.app.game.switchers.Krylov.Switchers;
				PRODUCT_NAME = "$(TARGET_NAME)";
				SWIFT_VERSION = 3.0;
			};
			name = Debug;
		};
		3726908C1F3B03FC00C371FC /* Release */ = {
			isa = XCBuildConfiguration;
			buildSettings = {
				ASSETCATALOG_COMPILER_APPICON_NAME = AppIcon;
				DEVELOPMENT_TEAM = HQT858PF5U;
				INFOPLIST_FILE = Switchers/Info.plist;
				LD_RUNPATH_SEARCH_PATHS = "$(inherited) @executable_path/Frameworks";
				PRODUCT_BUNDLE_IDENTIFIER = com.sandbox.app.game.switchers.Krylov.Switchers;
				PRODUCT_NAME = "$(TARGET_NAME)";
				SWIFT_VERSION = 3.0;
			};
			name = Release;
		};
/* End XCBuildConfiguration section */

/* Begin XCConfigurationList section */
		372690731F3B03FC00C371FC /* Build configuration list for PBXProject "Switchers" */ = {
			isa = XCConfigurationList;
			buildConfigurations = (
				372690881F3B03FC00C371FC /* Debug */,
				372690891F3B03FC00C371FC /* Release */,
			);
			defaultConfigurationIsVisible = 0;
			defaultConfigurationName = Release;
		};
		3726908A1F3B03FC00C371FC /* Build configuration list for PBXNativeTarget "Switchers" */ = {
			isa = XCConfigurationList;
			buildConfigurations = (
				3726908B1F3B03FC00C371FC /* Debug */,
				3726908C1F3B03FC00C371FC /* Release */,
			);
			defaultConfigurationIsVisible = 0;
		};
/* End XCConfigurationList section */
	};
	rootObject = 372690701F3B03FC00C371FC /* Project object */;
}
