// !$*UTF8*$!
{
	archiveVersion = 1;
	classes = {
	};
	objectVersion = 46;
	objects = {

/* Begin PBXBuildFile section */
		37F6C6BB1F49766A0048377D /* AppDelegate.swift in Sources */ = {isa = PBXBuildFile; fileRef = 37F6C6BA1F49766A0048377D /* AppDelegate.swift */; };
		37F6C6BD1F49766A0048377D /* ViewController.swift in Sources */ = {isa = PBXBuildFile; fileRef = 37F6C6BC1F49766A0048377D /* ViewController.swift */; };
		37F6C6C01F49766A0048377D /* Main.storyboard in Resources */ = {isa = PBXBuildFile; fileRef = 37F6C6BE1F49766A0048377D /* Main.storyboard */; };
		37F6C6C21F49766A0048377D /* Assets.xcassets in Resources */ = {isa = PBXBuildFile; fileRef = 37F6C6C11F49766A0048377D /* Assets.xcassets */; };
		37F6C6C51F49766A0048377D /* LaunchScreen.storyboard in Resources */ = {isa = PBXBuildFile; fileRef = 37F6C6C31F49766A0048377D /* LaunchScreen.storyboard */; };
		37F6C6CD1F49782D0048377D /* MessageCell.swift in Sources */ = {isa = PBXBuildFile; fileRef = 37F6C6CC1F49782D0048377D /* MessageCell.swift */; };
		37F6C6CF1F4985240048377D /* User.swift in Sources */ = {isa = PBXBuildFile; fileRef = 37F6C6CE1F4985240048377D /* User.swift */; };
/* End PBXBuildFile section */

/* Begin PBXFileReference section */
		37F6C6B71F49766A0048377D /* listOfMessages.app */ = {isa = PBXFileReference; explicitFileType = wrapper.application; includeInIndex = 0; path = listOfMessages.app; sourceTree = BUILT_PRODUCTS_DIR; };
		37F6C6BA1F49766A0048377D /* AppDelegate.swift */ = {isa = PBXFileReference; lastKnownFileType = sourcecode.swift; path = AppDelegate.swift; sourceTree = "<group>"; };
		37F6C6BC1F49766A0048377D /* ViewController.swift */ = {isa = PBXFileReference; lastKnownFileType = sourcecode.swift; path = ViewController.swift; sourceTree = "<group>"; };
		37F6C6BF1F49766A0048377D /* Base */ = {isa = PBXFileReference; lastKnownFileType = file.storyboard; name = Base; path = Base.lproj/Main.storyboard; sourceTree = "<group>"; };
		37F6C6C11F49766A0048377D /* Assets.xcassets */ = {isa = PBXFileReference; lastKnownFileType = folder.assetcatalog; path = Assets.xcassets; sourceTree = "<group>"; };
		37F6C6C41F49766A0048377D /* Base */ = {isa = PBXFileReference; lastKnownFileType = file.storyboard; name = Base; path = Base.lproj/LaunchScreen.storyboard; sourceTree = "<group>"; };
		37F6C6C61F49766A0048377D /* Info.plist */ = {isa = PBXFileReference; lastKnownFileType = text.plist.xml; path = Info.plist; sourceTree = "<group>"; };
		37F6C6CC1F49782D0048377D /* MessageCell.swift */ = {isa = PBXFileReference; fileEncoding = 4; lastKnownFileType = sourcecode.swift; path = MessageCell.swift; sourceTree = "<group>"; };
		37F6C6CE1F4985240048377D /* User.swift */ = {isa = PBXFileReference; fileEncoding = 4; lastKnownFileType = sourcecode.swift; path = User.swift; sourceTree = "<group>"; };
/* End PBXFileReference section */

/* Begin PBXFrameworksBuildPhase section */
		37F6C6B41F4976690048377D /* Frameworks */ = {
			isa = PBXFrameworksBuildPhase;
			buildActionMask = 2147483647;
			files = (
			);
			runOnlyForDeploymentPostprocessing = 0;
		};
/* End PBXFrameworksBuildPhase section */

/* Begin PBXGroup section */
		37F6C6AE1F4976690048377D = {
			isa = PBXGroup;
			children = (
				37F6C6B91F49766A0048377D /* listOfMessages */,
				37F6C6B81F49766A0048377D /* Products */,
			);
			sourceTree = "<group>";
		};
		37F6C6B81F49766A0048377D /* Products */ = {
			isa = PBXGroup;
			children = (
				37F6C6B71F49766A0048377D /* listOfMessages.app */,
			);
			name = Products;
			sourceTree = "<group>";
		};
		37F6C6B91F49766A0048377D /* listOfMessages */ = {
			isa = PBXGroup;
			children = (
				37F6C6BA1F49766A0048377D /* AppDelegate.swift */,
				37F6C6BC1F49766A0048377D /* ViewController.swift */,
				37F6C6BE1F49766A0048377D /* Main.storyboard */,
				37F6C6CE1F4985240048377D /* User.swift */,
				37F6C6CC1F49782D0048377D /* MessageCell.swift */,
				37F6C6C11F49766A0048377D /* Assets.xcassets */,
				37F6C6C31F49766A0048377D /* LaunchScreen.storyboard */,
				37F6C6C61F49766A0048377D /* Info.plist */,
			);
			path = listOfMessages;
			sourceTree = "<group>";
		};
/* End PBXGroup section */

/* Begin PBXNativeTarget section */
		37F6C6B61F4976690048377D /* listOfMessages */ = {
			isa = PBXNativeTarget;
			buildConfigurationList = 37F6C6C91F49766A0048377D /* Build configuration list for PBXNativeTarget "listOfMessages" */;
			buildPhases = (
				37F6C6B31F4976690048377D /* Sources */,
				37F6C6B41F4976690048377D /* Frameworks */,
				37F6C6B51F4976690048377D /* Resources */,
			);
			buildRules = (
			);
			dependencies = (
			);
			name = listOfMessages;
			productName = listOfMessages;
			productReference = 37F6C6B71F49766A0048377D /* listOfMessages.app */;
			productType = "com.apple.product-type.application";
		};
/* End PBXNativeTarget section */

/* Begin PBXProject section */
		37F6C6AF1F4976690048377D /* Project object */ = {
			isa = PBXProject;
			attributes = {
				LastSwiftUpdateCheck = 0830;
				LastUpgradeCheck = 0830;
				ORGANIZATIONNAME = "Иван Крылов";
				TargetAttributes = {
					37F6C6B61F4976690048377D = {
						CreatedOnToolsVersion = 8.3.3;
						DevelopmentTeam = HQT858PF5U;
						ProvisioningStyle = Automatic;
					};
				};
			};
			buildConfigurationList = 37F6C6B21F4976690048377D /* Build configuration list for PBXProject "listOfMessages" */;
			compatibilityVersion = "Xcode 3.2";
			developmentRegion = English;
			hasScannedForEncodings = 0;
			knownRegions = (
				en,
				Base,
			);
			mainGroup = 37F6C6AE1F4976690048377D;
			productRefGroup = 37F6C6B81F49766A0048377D /* Products */;
			projectDirPath = "";
			projectRoot = "";
			targets = (
				37F6C6B61F4976690048377D /* listOfMessages */,
			);
		};
/* End PBXProject section */

/* Begin PBXResourcesBuildPhase section */
		37F6C6B51F4976690048377D /* Resources */ = {
			isa = PBXResourcesBuildPhase;
			buildActionMask = 2147483647;
			files = (
				37F6C6C51F49766A0048377D /* LaunchScreen.storyboard in Resources */,
				37F6C6C21F49766A0048377D /* Assets.xcassets in Resources */,
				37F6C6C01F49766A0048377D /* Main.storyboard in Resources */,
			);
			runOnlyForDeploymentPostprocessing = 0;
		};
/* End PBXResourcesBuildPhase section */

/* Begin PBXSourcesBuildPhase section */
		37F6C6B31F4976690048377D /* Sources */ = {
			isa = PBXSourcesBuildPhase;
			buildActionMask = 2147483647;
			files = (
				37F6C6CF1F4985240048377D /* User.swift in Sources */,
				37F6C6BD1F49766A0048377D /* ViewController.swift in Sources */,
				37F6C6BB1F49766A0048377D /* AppDelegate.swift in Sources */,
				37F6C6CD1F49782D0048377D /* MessageCell.swift in Sources */,
			);
			runOnlyForDeploymentPostprocessing = 0;
		};
/* End PBXSourcesBuildPhase section */

/* Begin PBXVariantGroup section */
		37F6C6BE1F49766A0048377D /* Main.storyboard */ = {
			isa = PBXVariantGroup;
			children = (
				37F6C6BF1F49766A0048377D /* Base */,
			);
			name = Main.storyboard;
			sourceTree = "<group>";
		};
		37F6C6C31F49766A0048377D /* LaunchScreen.storyboard */ = {
			isa = PBXVariantGroup;
			children = (
				37F6C6C41F49766A0048377D /* Base */,
			);
			name = LaunchScreen.storyboard;
			sourceTree = "<group>";
		};
/* End PBXVariantGroup section */

/* Begin XCBuildConfiguration section */
		37F6C6C71F49766A0048377D /* Debug */ = {
			isa = XCBuildConfiguration;
			buildSettings = {
				ALWAYS_SEARCH_USER_PATHS = NO;
				CLANG_ANALYZER_NONNULL = YES;
				CLANG_ANALYZER_NUMBER_OBJECT_CONVERSION = YES_AGGRESSIVE;
				CLANG_CXX_LANGUAGE_STANDARD = "gnu++0x";
				CLANG_CXX_LIBRARY = "libc++";
				CLANG_ENABLE_MODULES = YES;
				CLANG_ENABLE_OBJC_ARC = YES;
				CLANG_WARN_BOOL_CONVERSION = YES;
				CLANG_WARN_CONSTANT_CONVERSION = YES;
				CLANG_WARN_DIRECT_OBJC_ISA_USAGE = YES_ERROR;
				CLANG_WARN_DOCUMENTATION_COMMENTS = YES;
				CLANG_WARN_EMPTY_BODY = YES;
				CLANG_WARN_ENUM_CONVERSION = YES;
				CLANG_WARN_INFINITE_RECURSION = YES;
				CLANG_WARN_INT_CONVERSION = YES;
				CLANG_WARN_OBJC_ROOT_CLASS = YES_ERROR;
				CLANG_WARN_SUSPICIOUS_MOVE = YES;
				CLANG_WARN_UNREACHABLE_CODE = YES;
				CLANG_WARN__DUPLICATE_METHOD_MATCH = YES;
				"CODE_SIGN_IDENTITY[sdk=iphoneos*]" = "iPhone Developer";
				COPY_PHASE_STRIP = NO;
				DEBUG_INFORMATION_FORMAT = dwarf;
				ENABLE_STRICT_OBJC_MSGSEND = YES;
				ENABLE_TESTABILITY = YES;
				GCC_C_LANGUAGE_STANDARD = gnu99;
				GCC_DYNAMIC_NO_PIC = NO;
				GCC_NO_COMMON_BLOCKS = YES;
				GCC_OPTIMIZATION_LEVEL = 0;
				GCC_PREPROCESSOR_DEFINITIONS = (
					"DEBUG=1",
					"$(inherited)",
				);
				GCC_WARN_64_TO_32_BIT_CONVERSION = YES;
				GCC_WARN_ABOUT_RETURN_TYPE = YES_ERROR;
				GCC_WARN_UNDECLARED_SELECTOR = YES;
				GCC_WARN_UNINITIALIZED_AUTOS = YES_AGGRESSIVE;
				GCC_WARN_UNUSED_FUNCTION = YES;
				GCC_WARN_UNUSED_VARIABLE = YES;
				IPHONEOS_DEPLOYMENT_TARGET = 10.3;
				MTL_ENABLE_DEBUG_INFO = YES;
				ONLY_ACTIVE_ARCH = YES;
				SDKROOT = iphoneos;
				SWIFT_ACTIVE_COMPILATION_CONDITIONS = DEBUG;
				SWIFT_OPTIMIZATION_LEVEL = "-Onone";
				TARGETED_DEVICE_FAMILY = "1,2";
			};
			name = Debug;
		};
		37F6C6C81F49766A0048377D /* Release */ = {
			isa = XCBuildConfiguration;
			buildSettings = {
				ALWAYS_SEARCH_USER_PATHS = NO;
				CLANG_ANALYZER_NONNULL = YES;
				CLANG_ANALYZER_NUMBER_OBJECT_CONVERSION = YES_AGGRESSIVE;
				CLANG_CXX_LANGUAGE_STANDARD = "gnu++0x";
				CLANG_CXX_LIBRARY = "libc++";
				CLANG_ENABLE_MODULES = YES;
				CLANG_ENABLE_OBJC_ARC = YES;
				CLANG_WARN_BOOL_CONVERSION = YES;
				CLANG_WARN_CONSTANT_CONVERSION = YES;
				CLANG_WARN_DIRECT_OBJC_ISA_USAGE = YES_ERROR;
				CLANG_WARN_DOCUMENTATION_COMMENTS = YES;
				CLANG_WARN_EMPTY_BODY = YES;
				CLANG_WARN_ENUM_CONVERSION = YES;
				CLANG_WARN_INFINITE_RECURSION = YES;
				CLANG_WARN_INT_CONVERSION = YES;
				CLANG_WARN_OBJC_ROOT_CLASS = YES_ERROR;
				CLANG_WARN_SUSPICIOUS_MOVE = YES;
				CLANG_WARN_UNREACHABLE_CODE = YES;
				CLANG_WARN__DUPLICATE_METHOD_MATCH = YES;
				"CODE_SIGN_IDENTITY[sdk=iphoneos*]" = "iPhone Developer";
				COPY_PHASE_STRIP = NO;
				DEBUG_INFORMATION_FORMAT = "dwarf-with-dsym";
				ENABLE_NS_ASSERTIONS = NO;
				ENABLE_STRICT_OBJC_MSGSEND = YES;
				GCC_C_LANGUAGE_STANDARD = gnu99;
				GCC_NO_COMMON_BLOCKS = YES;
				GCC_WARN_64_TO_32_BIT_CONVERSION = YES;
				GCC_WARN_ABOUT_RETURN_TYPE = YES_ERROR;
				GCC_WARN_UNDECLARED_SELECTOR = YES;
				GCC_WARN_UNINITIALIZED_AUTOS = YES_AGGRESSIVE;
				GCC_WARN_UNUSED_FUNCTION = YES;
				GCC_WARN_UNUSED_VARIABLE = YES;
				IPHONEOS_DEPLOYMENT_TARGET = 10.3;
				MTL_ENABLE_DEBUG_INFO = NO;
				SDKROOT = iphoneos;
				SWIFT_OPTIMIZATION_LEVEL = "-Owholemodule";
				TARGETED_DEVICE_FAMILY = "1,2";
				VALIDATE_PRODUCT = YES;
			};
			name = Release;
		};
		37F6C6CA1F49766A0048377D /* Debug */ = {
			isa = XCBuildConfiguration;
			buildSettings = {
				ASSETCATALOG_COMPILER_APPICON_NAME = AppIcon;
				DEVELOPMENT_TEAM = HQT858PF5U;
				INFOPLIST_FILE = listOfMessages/Info.plist;
				LD_RUNPATH_SEARCH_PATHS = "$(inherited) @executable_path/Frameworks";
				PRODUCT_BUNDLE_IDENTIFIER = com.sandbox.app.listOfMessages.Krylov.listOfMessages;
				PRODUCT_NAME = "$(TARGET_NAME)";
				SWIFT_VERSION = 3.0;
			};
			name = Debug;
		};
		37F6C6CB1F49766A0048377D /* Release */ = {
			isa = XCBuildConfiguration;
			buildSettings = {
				ASSETCATALOG_COMPILER_APPICON_NAME = AppIcon;
				DEVELOPMENT_TEAM = HQT858PF5U;
				INFOPLIST_FILE = listOfMessages/Info.plist;
				LD_RUNPATH_SEARCH_PATHS = "$(inherited) @executable_path/Frameworks";
				PRODUCT_BUNDLE_IDENTIFIER = com.sandbox.app.listOfMessages.Krylov.listOfMessages;
				PRODUCT_NAME = "$(TARGET_NAME)";
				SWIFT_VERSION = 3.0;
			};
			name = Release;
		};
/* End XCBuildConfiguration section */

/* Begin XCConfigurationList section */
		37F6C6B21F4976690048377D /* Build configuration list for PBXProject "listOfMessages" */ = {
			isa = XCConfigurationList;
			buildConfigurations = (
				37F6C6C71F49766A0048377D /* Debug */,
				37F6C6C81F49766A0048377D /* Release */,
			);
			defaultConfigurationIsVisible = 0;
			defaultConfigurationName = Release;
		};
		37F6C6C91F49766A0048377D /* Build configuration list for PBXNativeTarget "listOfMessages" */ = {
			isa = XCConfigurationList;
			buildConfigurations = (
				37F6C6CA1F49766A0048377D /* Debug */,
				37F6C6CB1F49766A0048377D /* Release */,
			);
			defaultConfigurationIsVisible = 0;
		};
/* End XCConfigurationList section */
	};
	rootObject = 37F6C6AF1F4976690048377D /* Project object */;
}
